<Solution>
  <Folder Name="/src/">
    <Project Path="src/Robotico.Resilience/Robotico.Resilience.csproj" />
  </Folder>
  <Folder Name="/tests/">
    <Project Path="tests/Robotico.Resilience.Tests/Robotico.Resilience.Tests.csproj" />
  </Folder>
  <Folder Name="/Solution Items/">
    <File Path=".gitignore" />
    <File Path=".editorconfig" />
    <File Path="Directory.Build.props" />
    <File Path="README.md" />
  </Folder>
</Solution>
